
Microsoft Visual Studio Solution File, Format Version 12.00
# Visual Studio Version 16
VisualStudioVersion = 16.0.29911.84
MinimumVisualStudioVersion = 10.0.40219.1
Project("{FAE04EC0-301F-11D3-BF4B-00C04F79EFBC}") = "lab8.1", "lab8.1\lab8.1.csproj", "{9DD7BF9E-9D87-46D5-B8E5-B1D167023E4E}"
EndProject
Global
	GlobalSection(SolutionConfigurationPlatforms) = preSolution
		Debug|Any CPU = Debug|Any CPU
		Release|Any CPU = Release|Any CPU
	EndGlobalSection
	GlobalSection(ProjectConfigurationPlatforms) = postSolution
		{9DD7BF9E-9D87-46D5-B8E5-B1D167023E4E}.Debug|Any CPU.ActiveCfg = Debug|Any CPU
		{9DD7BF9E-9D87-46D5-B8E5-B1D167023E4E}.Debug|Any CPU.Build.0 = Debug|Any CPU
		{9DD7BF9E-9D87-46D5-B8E5-B1D167023E4E}.Release|Any CPU.ActiveCfg = Release|Any CPU
		{9DD7BF9E-9D87-46D5-B8E5-B1D167023E4E}.Release|Any CPU.Build.0 = Release|Any CPU
	EndGlobalSection
	GlobalSection(SolutionProperties) = preSolution
		HideSolutionNode = FALSE
	EndGlobalSection
	GlobalSection(ExtensibilityGlobals) = postSolution
		SolutionGuid = {F9E76673-AA4F-454C-89A2-2C24B14965B0}
	EndGlobalSection
EndGlobal
