
Microsoft Visual Studio Solution File, Format Version 12.00
# Visual Studio Version 16
VisualStudioVersion = 16.0.29911.84
MinimumVisualStudioVersion = 10.0.40219.1
Project("{FAE04EC0-301F-11D3-BF4B-00C04F79EFBC}") = "lab12", "lab12\lab12.csproj", "{D3E30018-7E98-4459-857A-A330DE10BD07}"
EndProject
Global
	GlobalSection(SolutionConfigurationPlatforms) = preSolution
		Debug|Any CPU = Debug|Any CPU
		Release|Any CPU = Release|Any CPU
	EndGlobalSection
	GlobalSection(ProjectConfigurationPlatforms) = postSolution
		{D3E30018-7E98-4459-857A-A330DE10BD07}.Debug|Any CPU.ActiveCfg = Debug|Any CPU
		{D3E30018-7E98-4459-857A-A330DE10BD07}.Debug|Any CPU.Build.0 = Debug|Any CPU
		{D3E30018-7E98-4459-857A-A330DE10BD07}.Release|Any CPU.ActiveCfg = Release|Any CPU
		{D3E30018-7E98-4459-857A-A330DE10BD07}.Release|Any CPU.Build.0 = Release|Any CPU
	EndGlobalSection
	GlobalSection(SolutionProperties) = preSolution
		HideSolutionNode = FALSE
	EndGlobalSection
	GlobalSection(ExtensibilityGlobals) = postSolution
		SolutionGuid = {CCBD1D71-F4E1-4479-A5C3-B26F98BB761E}
	EndGlobalSection
EndGlobal
