
Microsoft Visual Studio Solution File, Format Version 12.00
# Visual Studio Version 16
VisualStudioVersion = 16.0.29911.84
MinimumVisualStudioVersion = 10.0.40219.1
Project("{FAE04EC0-301F-11D3-BF4B-00C04F79EFBC}") = "lab13", "lab13\lab13.csproj", "{7856F9D6-C072-4727-B93B-F84EBDE6B37A}"
EndProject
Global
	GlobalSection(SolutionConfigurationPlatforms) = preSolution
		Debug|Any CPU = Debug|Any CPU
		Release|Any CPU = Release|Any CPU
	EndGlobalSection
	GlobalSection(ProjectConfigurationPlatforms) = postSolution
		{7856F9D6-C072-4727-B93B-F84EBDE6B37A}.Debug|Any CPU.ActiveCfg = Debug|Any CPU
		{7856F9D6-C072-4727-B93B-F84EBDE6B37A}.Debug|Any CPU.Build.0 = Debug|Any CPU
		{7856F9D6-C072-4727-B93B-F84EBDE6B37A}.Release|Any CPU.ActiveCfg = Release|Any CPU
		{7856F9D6-C072-4727-B93B-F84EBDE6B37A}.Release|Any CPU.Build.0 = Release|Any CPU
	EndGlobalSection
	GlobalSection(SolutionProperties) = preSolution
		HideSolutionNode = FALSE
	EndGlobalSection
	GlobalSection(ExtensibilityGlobals) = postSolution
		SolutionGuid = {E1D21833-4935-4900-8CB8-D15E223CEEE3}
	EndGlobalSection
EndGlobal
