
Microsoft Visual Studio Solution File, Format Version 12.00
# Visual Studio Version 16
VisualStudioVersion = 16.0.29911.84
MinimumVisualStudioVersion = 10.0.40219.1
Project("{FAE04EC0-301F-11D3-BF4B-00C04F79EFBC}") = "lab1", "lab8\lab8.csproj", "{EEB17B02-6AB3-4502-A101-3E2BBC1D0549}"
EndProject
Global
	GlobalSection(SolutionConfigurationPlatforms) = preSolution
		Debug|Any CPU = Debug|Any CPU
		Release|Any CPU = Release|Any CPU
	EndGlobalSection
	GlobalSection(ProjectConfigurationPlatforms) = postSolution
		{EEB17B02-6AB3-4502-A101-3E2BBC1D0549}.Debug|Any CPU.ActiveCfg = Debug|Any CPU
		{EEB17B02-6AB3-4502-A101-3E2BBC1D0549}.Debug|Any CPU.Build.0 = Debug|Any CPU
		{EEB17B02-6AB3-4502-A101-3E2BBC1D0549}.Release|Any CPU.ActiveCfg = Release|Any CPU
		{EEB17B02-6AB3-4502-A101-3E2BBC1D0549}.Release|Any CPU.Build.0 = Release|Any CPU
	EndGlobalSection
	GlobalSection(SolutionProperties) = preSolution
		HideSolutionNode = FALSE
	EndGlobalSection
	GlobalSection(ExtensibilityGlobals) = postSolution
		SolutionGuid = {552EAA3F-B797-431F-8D21-7B8FA9E9A7BB}
	EndGlobalSection
EndGlobal
